{
  "name": "multi-agent-system",
  "version": "1.0.0",
  "lockfileVersion": 3,
  "requires": true,
  "packages": {
    "": {
      "name": "multi-agent-system",
      "version": "1.0.0",
      "hasInstallScript": true,
      "license": "MIT",
      "workspaces": [
        "packages/*"
      ],
      "engines": {
        "node": ">=14.0.0"
      }
    },
    "node_modules/multi-agent-dashboard": {
      "resolved": "packages/dashboard",
      "link": true
    },
    "packages/dashboard": {
      "name": "multi-agent-dashboard",
      "version": "1.0.0",
      "dependencies": {
        "http-proxy": "^1.18.1"
      },
      "engines": {
        "node": ">=14.0.0"
      }
    },
    "packages/dashboard/node_modules/eventemitter3": {
      "version": "4.0.7",
      "license": "MIT"
    },
    "packages/dashboard/node_modules/follow-redirects": {
      "version": "1.15.11",
      "funding": [
        {
          "type": "individual",
          "url": "https://github.com/sponsors/RubenVerborgh"
        }
      ],
      "license": "MIT",
      "engines": {
        "node": ">=4.0"
      },
      "peerDependenciesMeta": {
        "debug": {
          "optional": true
        }
      }
    },
    "packages/dashboard/node_modules/http-proxy": {
      "version": "1.18.1",
      "license": "MIT",
      "dependencies": {
        "eventemitter3": "^4.0.0",
        "follow-redirects": "^1.0.0",
        "requires-port": "^1.0.0"
      },
      "engines": {
        "node": ">=8.0.0"
      }
    },
    "packages/dashboard/node_modules/requires-port": {
      "version": "1.0.0",
      "license": "MIT"
    }
  }
}
